
Microsoft Visual Studio Solution File, Format Version 12.00
# Visual Studio Version 17
VisualStudioVersion = 17.3.32901.215
MinimumVisualStudioVersion = 10.0.40219.1
Project("{FAE04EC0-301F-11D3-BF4B-00C04F79EFBC}") = "ConsoleApp2", "ConsoleApp2.csproj", "{ABD843EC-D174-46AE-B7B0-9E837E76BEE1}"
EndProject
Global
	GlobalSection(SolutionConfigurationPlatforms) = preSolution
		Debug|Any CPU = Debug|Any CPU
		Release|Any CPU = Release|Any CPU
	EndGlobalSection
	GlobalSection(ProjectConfigurationPlatforms) = postSolution
		{ABD843EC-D174-46AE-B7B0-9E837E76BEE1}.Debug|Any CPU.ActiveCfg = Debug|Any CPU
		{ABD843EC-D174-46AE-B7B0-9E837E76BEE1}.Debug|Any CPU.Build.0 = Debug|Any CPU
		{ABD843EC-D174-46AE-B7B0-9E837E76BEE1}.Release|Any CPU.ActiveCfg = Release|Any CPU
		{ABD843EC-D174-46AE-B7B0-9E837E76BEE1}.Release|Any CPU.Build.0 = Release|Any CPU
	EndGlobalSection
	GlobalSection(SolutionProperties) = preSolution
		HideSolutionNode = FALSE
	EndGlobalSection
	GlobalSection(ExtensibilityGlobals) = postSolution
		SolutionGuid = {4E688524-1DA1-4F88-8D7D-A4FE6F024411}
	EndGlobalSection
EndGlobal
